
Microsoft Visual Studio Solution File, Format Version 12.00
# Visual Studio Version 16
VisualStudioVersion = 16.0.31205.134
MinimumVisualStudioVersion = 10.0.40219.1
Project("{2150E333-8FDC-42A3-9474-1A3956D46DE8}") = "src", "src", "{970837F9-A86C-425B-A348-97E76DFDBB3D}"
EndProject
Project("{2150E333-8FDC-42A3-9474-1A3956D46DE8}") = "tests", "tests", "{DD38A293-C9D6-4003-8E77-21113997254B}"
EndProject
Project("{FAE04EC0-301F-11D3-BF4B-00C04F79EFBC}") = "SampleAPI", "src\SampleAPI\SampleAPI.csproj", "{C910DF18-671F-4287-9686-C20F7CF31EB0}"
EndProject
Project("{FAE04EC0-301F-11D3-BF4B-00C04F79EFBC}") = "SampleAPI.E2ETests", "tests\SampleAPI.E2ETests\SampleAPI.E2ETests.csproj", "{D656BCC6-CEDB-40FC-8F35-9D01ECBAFCB1}"
EndProject
Global
	GlobalSection(SolutionConfigurationPlatforms) = preSolution
		Debug|Any CPU = Debug|Any CPU
		Release|Any CPU = Release|Any CPU
	EndGlobalSection
	GlobalSection(ProjectConfigurationPlatforms) = postSolution
		{C910DF18-671F-4287-9686-C20F7CF31EB0}.Debug|Any CPU.ActiveCfg = Debug|Any CPU
		{C910DF18-671F-4287-9686-C20F7CF31EB0}.Debug|Any CPU.Build.0 = Debug|Any CPU
		{C910DF18-671F-4287-9686-C20F7CF31EB0}.Release|Any CPU.ActiveCfg = Release|Any CPU
		{C910DF18-671F-4287-9686-C20F7CF31EB0}.Release|Any CPU.Build.0 = Release|Any CPU
		{D656BCC6-CEDB-40FC-8F35-9D01ECBAFCB1}.Debug|Any CPU.ActiveCfg = Debug|Any CPU
		{D656BCC6-CEDB-40FC-8F35-9D01ECBAFCB1}.Debug|Any CPU.Build.0 = Debug|Any CPU
		{D656BCC6-CEDB-40FC-8F35-9D01ECBAFCB1}.Release|Any CPU.ActiveCfg = Release|Any CPU
		{D656BCC6-CEDB-40FC-8F35-9D01ECBAFCB1}.Release|Any CPU.Build.0 = Release|Any CPU
	EndGlobalSection
	GlobalSection(SolutionProperties) = preSolution
		HideSolutionNode = FALSE
	EndGlobalSection
	GlobalSection(NestedProjects) = preSolution
		{C910DF18-671F-4287-9686-C20F7CF31EB0} = {970837F9-A86C-425B-A348-97E76DFDBB3D}
		{D656BCC6-CEDB-40FC-8F35-9D01ECBAFCB1} = {DD38A293-C9D6-4003-8E77-21113997254B}
	EndGlobalSection
	GlobalSection(ExtensibilityGlobals) = postSolution
		SolutionGuid = {EBC5C045-A792-4CD0-B7DB-C01FCD02FB86}
	EndGlobalSection
EndGlobal
